// !$*UTF8*$!
{
	archiveVersion = 1;
	classes = {
	};
	objectVersion = 56;
	objects = {

/* Begin PBXBuildFile section */
		52D0DCC82A0C691F003BB3C2 /* LandmarksApp.swift in Sources */ = {isa = PBXBuildFile; fileRef = 52D0DCC72A0C691F003BB3C2 /* LandmarksApp.swift */; };
		52D0DCCA2A0C691F003BB3C2 /* ContentView.swift in Sources */ = {isa = PBXBuildFile; fileRef = 52D0DCC92A0C691F003BB3C2 /* ContentView.swift */; };
		52D0DCCC2A0C691F003BB3C2 /* Assets.xcassets in Resources */ = {isa = PBXBuildFile; fileRef = 52D0DCCB2A0C691F003BB3C2 /* Assets.xcassets */; };
		52D0DCCF2A0C691F003BB3C2 /* Preview Assets.xcassets in Resources */ = {isa = PBXBuildFile; fileRef = 52D0DCCE2A0C691F003BB3C2 /* Preview Assets.xcassets */; };
		52D0DCD62A0C6E54003BB3C2 /* CircleImage.swift in Sources */ = {isa = PBXBuildFile; fileRef = 52D0DCD52A0C6E54003BB3C2 /* CircleImage.swift */; };
		52D0DCD82A0C6F75003BB3C2 /* MapView.swift in Sources */ = {isa = PBXBuildFile; fileRef = 52D0DCD72A0C6F75003BB3C2 /* MapView.swift */; };
		52D0DCDB2A0C743A003BB3C2 /* landmarkData.json in Resources */ = {isa = PBXBuildFile; fileRef = 52D0DCDA2A0C743A003BB3C2 /* landmarkData.json */; };
		52D0DCDD2A0C747D003BB3C2 /* Landmark.swift in Sources */ = {isa = PBXBuildFile; fileRef = 52D0DCDC2A0C747D003BB3C2 /* Landmark.swift */; };
		52D0DCF72A0C77E2003BB3C2 /* ModelData.swift in Sources */ = {isa = PBXBuildFile; fileRef = 52D0DCF62A0C77E2003BB3C2 /* ModelData.swift */; };
		52D0DCFA2A0C7A24003BB3C2 /* LandmarkRow.swift in Sources */ = {isa = PBXBuildFile; fileRef = 52D0DCF92A0C7A24003BB3C2 /* LandmarkRow.swift */; };
		52D0DCFC2A0C7BF6003BB3C2 /* LandmarkList.swift in Sources */ = {isa = PBXBuildFile; fileRef = 52D0DCFB2A0C7BF6003BB3C2 /* LandmarkList.swift */; };
		52D0DCFE2A0C7E79003BB3C2 /* LandmarkDetail.swift in Sources */ = {isa = PBXBuildFile; fileRef = 52D0DCFD2A0C7E79003BB3C2 /* LandmarkDetail.swift */; };
		52D0DD002A0CAFB6003BB3C2 /* FavoritesButton.swift in Sources */ = {isa = PBXBuildFile; fileRef = 52D0DCFF2A0CAFB6003BB3C2 /* FavoritesButton.swift */; };
		52D0DD042A0D3883003BB3C2 /* HexagonParameters.swift in Sources */ = {isa = PBXBuildFile; fileRef = 52D0DD032A0D3883003BB3C2 /* HexagonParameters.swift */; };
		52D0DD082A0D3AAC003BB3C2 /* BadgeBackground.swift in Sources */ = {isa = PBXBuildFile; fileRef = 52D0DD072A0D3AAC003BB3C2 /* BadgeBackground.swift */; };
		52D0DD0B2A0D4257003BB3C2 /* BadgeSymbol.swift in Sources */ = {isa = PBXBuildFile; fileRef = 52D0DD0A2A0D4257003BB3C2 /* BadgeSymbol.swift */; };
		52D0DD0D2A0D44E4003BB3C2 /* RotatedBadgeSymbol.swift in Sources */ = {isa = PBXBuildFile; fileRef = 52D0DD0C2A0D44E4003BB3C2 /* RotatedBadgeSymbol.swift */; };
		52D0DD0F2A0D45FC003BB3C2 /* Badge.swift in Sources */ = {isa = PBXBuildFile; fileRef = 52D0DD0E2A0D45FC003BB3C2 /* Badge.swift */; };
		52D0DD112A0D4AB4003BB3C2 /* hikeData.json in Resources */ = {isa = PBXBuildFile; fileRef = 52D0DD102A0D4AB4003BB3C2 /* hikeData.json */; };
		52D0DD132A0D4AF0003BB3C2 /* Hike.swift in Sources */ = {isa = PBXBuildFile; fileRef = 52D0DD122A0D4AF0003BB3C2 /* Hike.swift */; };
		52D0DD192A0D4C52003BB3C2 /* GraphCapsule.swift in Sources */ = {isa = PBXBuildFile; fileRef = 52D0DD152A0D4C52003BB3C2 /* GraphCapsule.swift */; };
		52D0DD1A2A0D4C52003BB3C2 /* HikeGraph.swift in Sources */ = {isa = PBXBuildFile; fileRef = 52D0DD162A0D4C52003BB3C2 /* HikeGraph.swift */; };
		52D0DD1B2A0D4C52003BB3C2 /* HikeDetail.swift in Sources */ = {isa = PBXBuildFile; fileRef = 52D0DD172A0D4C52003BB3C2 /* HikeDetail.swift */; };
		52D0DD1C2A0D4C52003BB3C2 /* HikeView.swift in Sources */ = {isa = PBXBuildFile; fileRef = 52D0DD182A0D4C52003BB3C2 /* HikeView.swift */; };
		52D0DD1E2A0D7BF0003BB3C2 /* CategoryHome.swift in Sources */ = {isa = PBXBuildFile; fileRef = 52D0DD1D2A0D7BF0003BB3C2 /* CategoryHome.swift */; };
		52D0DD202A0D7ED7003BB3C2 /* CategoryRow.swift in Sources */ = {isa = PBXBuildFile; fileRef = 52D0DD1F2A0D7ED7003BB3C2 /* CategoryRow.swift */; };
		52D0DD222A0D817D003BB3C2 /* CategoryItem.swift in Sources */ = {isa = PBXBuildFile; fileRef = 52D0DD212A0D817D003BB3C2 /* CategoryItem.swift */; };
		52D0DD242A0DC3FD003BB3C2 /* Profile.swift in Sources */ = {isa = PBXBuildFile; fileRef = 52D0DD232A0DC3FD003BB3C2 /* Profile.swift */; };
		52D0DD272A0DC504003BB3C2 /* ProfileHost.swift in Sources */ = {isa = PBXBuildFile; fileRef = 52D0DD262A0DC504003BB3C2 /* ProfileHost.swift */; };
		52D0DD292A0DC5EC003BB3C2 /* ProfileSummary.swift in Sources */ = {isa = PBXBuildFile; fileRef = 52D0DD282A0DC5EC003BB3C2 /* ProfileSummary.swift */; };
		52D0DD2B2A0DC97A003BB3C2 /* HikeBadge.swift in Sources */ = {isa = PBXBuildFile; fileRef = 52D0DD2A2A0DC97A003BB3C2 /* HikeBadge.swift */; };
		52D0DD2D2A0EF943003BB3C2 /* ProfileEditor.swift in Sources */ = {isa = PBXBuildFile; fileRef = 52D0DD2C2A0EF943003BB3C2 /* ProfileEditor.swift */; };
		52D0DD312A0F0D3F003BB3C2 /* PageViewController.swift in Sources */ = {isa = PBXBuildFile; fileRef = 52D0DD302A0F0D3F003BB3C2 /* PageViewController.swift */; };
/* End PBXBuildFile section */

/* Begin PBXFileReference section */
		52D0DCC42A0C691F003BB3C2 /* Landmarks.app */ = {isa = PBXFileReference; explicitFileType = wrapper.application; includeInIndex = 0; path = Landmarks.app; sourceTree = BUILT_PRODUCTS_DIR; };
		52D0DCC72A0C691F003BB3C2 /* LandmarksApp.swift */ = {isa = PBXFileReference; lastKnownFileType = sourcecode.swift; path = LandmarksApp.swift; sourceTree = "<group>"; };
		52D0DCC92A0C691F003BB3C2 /* ContentView.swift */ = {isa = PBXFileReference; lastKnownFileType = sourcecode.swift; path = ContentView.swift; sourceTree = "<group>"; };
		52D0DCCB2A0C691F003BB3C2 /* Assets.xcassets */ = {isa = PBXFileReference; lastKnownFileType = folder.assetcatalog; path = Assets.xcassets; sourceTree = "<group>"; };
		52D0DCCE2A0C691F003BB3C2 /* Preview Assets.xcassets */ = {isa = PBXFileReference; lastKnownFileType = folder.assetcatalog; path = "Preview Assets.xcassets"; sourceTree = "<group>"; };
		52D0DCD52A0C6E54003BB3C2 /* CircleImage.swift */ = {isa = PBXFileReference; lastKnownFileType = sourcecode.swift; path = CircleImage.swift; sourceTree = "<group>"; };
		52D0DCD72A0C6F75003BB3C2 /* MapView.swift */ = {isa = PBXFileReference; lastKnownFileType = sourcecode.swift; path = MapView.swift; sourceTree = "<group>"; };
		52D0DCDA2A0C743A003BB3C2 /* landmarkData.json */ = {isa = PBXFileReference; fileEncoding = 4; lastKnownFileType = text.json; path = landmarkData.json; sourceTree = "<group>"; };
		52D0DCDC2A0C747D003BB3C2 /* Landmark.swift */ = {isa = PBXFileReference; lastKnownFileType = sourcecode.swift; path = Landmark.swift; sourceTree = "<group>"; };
		52D0DCF62A0C77E2003BB3C2 /* ModelData.swift */ = {isa = PBXFileReference; lastKnownFileType = sourcecode.swift; path = ModelData.swift; sourceTree = "<group>"; };
		52D0DCF92A0C7A24003BB3C2 /* LandmarkRow.swift */ = {isa = PBXFileReference; lastKnownFileType = sourcecode.swift; path = LandmarkRow.swift; sourceTree = "<group>"; };
		52D0DCFB2A0C7BF6003BB3C2 /* LandmarkList.swift */ = {isa = PBXFileReference; lastKnownFileType = sourcecode.swift; path = LandmarkList.swift; sourceTree = "<group>"; };
		52D0DCFD2A0C7E79003BB3C2 /* LandmarkDetail.swift */ = {isa = PBXFileReference; lastKnownFileType = sourcecode.swift; path = LandmarkDetail.swift; sourceTree = "<group>"; };
		52D0DCFF2A0CAFB6003BB3C2 /* FavoritesButton.swift */ = {isa = PBXFileReference; lastKnownFileType = sourcecode.swift; path = FavoritesButton.swift; sourceTree = "<group>"; };
		52D0DD032A0D3883003BB3C2 /* HexagonParameters.swift */ = {isa = PBXFileReference; lastKnownFileType = sourcecode.swift; path = HexagonParameters.swift; sourceTree = "<group>"; };
		52D0DD072A0D3AAC003BB3C2 /* BadgeBackground.swift */ = {isa = PBXFileReference; lastKnownFileType = sourcecode.swift; path = BadgeBackground.swift; sourceTree = "<group>"; };
		52D0DD0A2A0D4257003BB3C2 /* BadgeSymbol.swift */ = {isa = PBXFileReference; lastKnownFileType = sourcecode.swift; path = BadgeSymbol.swift; sourceTree = "<group>"; };
		52D0DD0C2A0D44E4003BB3C2 /* RotatedBadgeSymbol.swift */ = {isa = PBXFileReference; lastKnownFileType = sourcecode.swift; path = RotatedBadgeSymbol.swift; sourceTree = "<group>"; };
		52D0DD0E2A0D45FC003BB3C2 /* Badge.swift */ = {isa = PBXFileReference; lastKnownFileType = sourcecode.swift; path = Badge.swift; sourceTree = "<group>"; };
		52D0DD102A0D4AB4003BB3C2 /* hikeData.json */ = {isa = PBXFileReference; fileEncoding = 4; lastKnownFileType = text.json; path = hikeData.json; sourceTree = "<group>"; };
		52D0DD122A0D4AF0003BB3C2 /* Hike.swift */ = {isa = PBXFileReference; lastKnownFileType = sourcecode.swift; path = Hike.swift; sourceTree = "<group>"; };
		52D0DD152A0D4C52003BB3C2 /* GraphCapsule.swift */ = {isa = PBXFileReference; fileEncoding = 4; lastKnownFileType = sourcecode.swift; path = GraphCapsule.swift; sourceTree = "<group>"; };
		52D0DD162A0D4C52003BB3C2 /* HikeGraph.swift */ = {isa = PBXFileReference; fileEncoding = 4; lastKnownFileType = sourcecode.swift; path = HikeGraph.swift; sourceTree = "<group>"; };
		52D0DD172A0D4C52003BB3C2 /* HikeDetail.swift */ = {isa = PBXFileReference; fileEncoding = 4; lastKnownFileType = sourcecode.swift; path = HikeDetail.swift; sourceTree = "<group>"; };
		52D0DD182A0D4C52003BB3C2 /* HikeView.swift */ = {isa = PBXFileReference; fileEncoding = 4; lastKnownFileType = sourcecode.swift; path = HikeView.swift; sourceTree = "<group>"; };
		52D0DD1D2A0D7BF0003BB3C2 /* CategoryHome.swift */ = {isa = PBXFileReference; lastKnownFileType = sourcecode.swift; path = CategoryHome.swift; sourceTree = "<group>"; };
		52D0DD1F2A0D7ED7003BB3C2 /* CategoryRow.swift */ = {isa = PBXFileReference; lastKnownFileType = sourcecode.swift; path = CategoryRow.swift; sourceTree = "<group>"; };
		52D0DD212A0D817D003BB3C2 /* CategoryItem.swift */ = {isa = PBXFileReference; lastKnownFileType = sourcecode.swift; path = CategoryItem.swift; sourceTree = "<group>"; };
		52D0DD232A0DC3FD003BB3C2 /* Profile.swift */ = {isa = PBXFileReference; lastKnownFileType = sourcecode.swift; path = Profile.swift; sourceTree = "<group>"; };
		52D0DD262A0DC504003BB3C2 /* ProfileHost.swift */ = {isa = PBXFileReference; lastKnownFileType = sourcecode.swift; path = ProfileHost.swift; sourceTree = "<group>"; };
		52D0DD282A0DC5EC003BB3C2 /* ProfileSummary.swift */ = {isa = PBXFileReference; lastKnownFileType = sourcecode.swift; path = ProfileSummary.swift; sourceTree = "<group>"; };
		52D0DD2A2A0DC97A003BB3C2 /* HikeBadge.swift */ = {isa = PBXFileReference; lastKnownFileType = sourcecode.swift; path = HikeBadge.swift; sourceTree = "<group>"; };
		52D0DD2C2A0EF943003BB3C2 /* ProfileEditor.swift */ = {isa = PBXFileReference; lastKnownFileType = sourcecode.swift; path = ProfileEditor.swift; sourceTree = "<group>"; };
		52D0DD302A0F0D3F003BB3C2 /* PageViewController.swift */ = {isa = PBXFileReference; lastKnownFileType = sourcecode.swift; path = PageViewController.swift; sourceTree = "<group>"; };
/* End PBXFileReference section */

/* Begin PBXFrameworksBuildPhase section */
		52D0DCC12A0C691F003BB3C2 /* Frameworks */ = {
			isa = PBXFrameworksBuildPhase;
			buildActionMask = 2147483647;
			files = (
			);
			runOnlyForDeploymentPostprocessing = 0;
		};
/* End PBXFrameworksBuildPhase section */

/* Begin PBXGroup section */
		52D0DCBB2A0C691F003BB3C2 = {
			isa = PBXGroup;
			children = (
				52D0DCC62A0C691F003BB3C2 /* Landmarks */,
				52D0DCC52A0C691F003BB3C2 /* Products */,
			);
			sourceTree = "<group>";
		};
		52D0DCC52A0C691F003BB3C2 /* Products */ = {
			isa = PBXGroup;
			children = (
				52D0DCC42A0C691F003BB3C2 /* Landmarks.app */,
			);
			name = Products;
			sourceTree = "<group>";
		};
		52D0DCC62A0C691F003BB3C2 /* Landmarks */ = {
			isa = PBXGroup;
			children = (
				52D0DCC72A0C691F003BB3C2 /* LandmarksApp.swift */,
				52D0DCDE2A0C7489003BB3C2 /* Models */,
				52D0DCF82A0C79C4003BB3C2 /* Views */,
				52D0DCD92A0C7417003BB3C2 /* Resources */,
				52D0DCCB2A0C691F003BB3C2 /* Assets.xcassets */,
				52D0DCCD2A0C691F003BB3C2 /* Preview Content */,
			);
			path = Landmarks;
			sourceTree = "<group>";
		};
		52D0DCCD2A0C691F003BB3C2 /* Preview Content */ = {
			isa = PBXGroup;
			children = (
				52D0DCCE2A0C691F003BB3C2 /* Preview Assets.xcassets */,
			);
			path = "Preview Content";
			sourceTree = "<group>";
		};
		52D0DCD92A0C7417003BB3C2 /* Resources */ = {
			isa = PBXGroup;
			children = (
				52D0DCDA2A0C743A003BB3C2 /* landmarkData.json */,
				52D0DD102A0D4AB4003BB3C2 /* hikeData.json */,
			);
			path = Resources;
			sourceTree = "<group>";
		};
		52D0DCDE2A0C7489003BB3C2 /* Models */ = {
			isa = PBXGroup;
			children = (
				52D0DCDC2A0C747D003BB3C2 /* Landmark.swift */,
				52D0DD122A0D4AF0003BB3C2 /* Hike.swift */,
				52D0DCF62A0C77E2003BB3C2 /* ModelData.swift */,
				52D0DD232A0DC3FD003BB3C2 /* Profile.swift */,
			);
			path = Models;
			sourceTree = "<group>";
		};
		52D0DCF82A0C79C4003BB3C2 /* Views */ = {
			isa = PBXGroup;
			children = (
				52D0DD2F2A0F0D25003BB3C2 /* Pages */,
				52D0DD252A0DC4F1003BB3C2 /* Profiles */,
				52D0DD142A0D4C52003BB3C2 /* Hikes */,
				52D0DD022A0CB180003BB3C2 /* Helpers */,
				52D0DD012A0CB150003BB3C2 /* Landmarks */,
				52D0DD092A0D423B003BB3C2 /* Badges */,
				52D0DD2E2A0F0CE8003BB3C2 /* Categories */,
			);
			path = Views;
			sourceTree = "<group>";
		};
		52D0DD012A0CB150003BB3C2 /* Landmarks */ = {
			isa = PBXGroup;
			children = (
				52D0DCF92A0C7A24003BB3C2 /* LandmarkRow.swift */,
				52D0DCFB2A0C7BF6003BB3C2 /* LandmarkList.swift */,
				52D0DCFD2A0C7E79003BB3C2 /* LandmarkDetail.swift */,
			);
			path = Landmarks;
			sourceTree = "<group>";
		};
		52D0DD022A0CB180003BB3C2 /* Helpers */ = {
			isa = PBXGroup;
			children = (
				52D0DCC92A0C691F003BB3C2 /* ContentView.swift */,
				52D0DCD52A0C6E54003BB3C2 /* CircleImage.swift */,
				52D0DCD72A0C6F75003BB3C2 /* MapView.swift */,
				52D0DCFF2A0CAFB6003BB3C2 /* FavoritesButton.swift */,
				52D0DD032A0D3883003BB3C2 /* HexagonParameters.swift */,
			);
			path = Helpers;
			sourceTree = "<group>";
		};
		52D0DD092A0D423B003BB3C2 /* Badges */ = {
			isa = PBXGroup;
			children = (
				52D0DD072A0D3AAC003BB3C2 /* BadgeBackground.swift */,
				52D0DD0A2A0D4257003BB3C2 /* BadgeSymbol.swift */,
				52D0DD0C2A0D44E4003BB3C2 /* RotatedBadgeSymbol.swift */,
				52D0DD0E2A0D45FC003BB3C2 /* Badge.swift */,
				52D0DD2A2A0DC97A003BB3C2 /* HikeBadge.swift */,
			);
			path = Badges;
			sourceTree = "<group>";
		};
		52D0DD142A0D4C52003BB3C2 /* Hikes */ = {
			isa = PBXGroup;
			children = (
				52D0DD152A0D4C52003BB3C2 /* GraphCapsule.swift */,
				52D0DD162A0D4C52003BB3C2 /* HikeGraph.swift */,
				52D0DD172A0D4C52003BB3C2 /* HikeDetail.swift */,
				52D0DD182A0D4C52003BB3C2 /* HikeView.swift */,
			);
			path = Hikes;
			sourceTree = "<group>";
		};
		52D0DD252A0DC4F1003BB3C2 /* Profiles */ = {
			isa = PBXGroup;
			children = (
				52D0DD262A0DC504003BB3C2 /* ProfileHost.swift */,
				52D0DD282A0DC5EC003BB3C2 /* ProfileSummary.swift */,
				52D0DD2C2A0EF943003BB3C2 /* ProfileEditor.swift */,
			);
			path = Profiles;
			sourceTree = "<group>";
		};
		52D0DD2E2A0F0CE8003BB3C2 /* Categories */ = {
			isa = PBXGroup;
			children = (
				52D0DD1D2A0D7BF0003BB3C2 /* CategoryHome.swift */,
				52D0DD1F2A0D7ED7003BB3C2 /* CategoryRow.swift */,
				52D0DD212A0D817D003BB3C2 /* CategoryItem.swift */,
			);
			path = Categories;
			sourceTree = "<group>";
		};
		52D0DD2F2A0F0D25003BB3C2 /* Pages */ = {
			isa = PBXGroup;
			children = (
				52D0DD302A0F0D3F003BB3C2 /* PageViewController.swift */,
			);
			path = Pages;
			sourceTree = "<group>";
		};
/* End PBXGroup section */

/* Begin PBXNativeTarget section */
		52D0DCC32A0C691F003BB3C2 /* Landmarks */ = {
			isa = PBXNativeTarget;
			buildConfigurationList = 52D0DCD22A0C691F003BB3C2 /* Build configuration list for PBXNativeTarget "Landmarks" */;
			buildPhases = (
				52D0DCC02A0C691F003BB3C2 /* Sources */,
				52D0DCC12A0C691F003BB3C2 /* Frameworks */,
				52D0DCC22A0C691F003BB3C2 /* Resources */,
			);
			buildRules = (
			);
			dependencies = (
			);
			name = Landmarks;
			productName = Landmarks;
			productReference = 52D0DCC42A0C691F003BB3C2 /* Landmarks.app */;
			productType = "com.apple.product-type.application";
		};
/* End PBXNativeTarget section */

/* Begin PBXProject section */
		52D0DCBC2A0C691F003BB3C2 /* Project object */ = {
			isa = PBXProject;
			attributes = {
				BuildIndependentTargetsInParallel = 1;
				LastSwiftUpdateCheck = 1430;
				LastUpgradeCheck = 1430;
				TargetAttributes = {
					52D0DCC32A0C691F003BB3C2 = {
						CreatedOnToolsVersion = 14.3;
					};
				};
			};
			buildConfigurationList = 52D0DCBF2A0C691F003BB3C2 /* Build configuration list for PBXProject "Landmarks" */;
			compatibilityVersion = "Xcode 14.0";
			developmentRegion = en;
			hasScannedForEncodings = 0;
			knownRegions = (
				en,
				Base,
			);
			mainGroup = 52D0DCBB2A0C691F003BB3C2;
			productRefGroup = 52D0DCC52A0C691F003BB3C2 /* Products */;
			projectDirPath = "";
			projectRoot = "";
			targets = (
				52D0DCC32A0C691F003BB3C2 /* Landmarks */,
			);
		};
/* End PBXProject section */

/* Begin PBXResourcesBuildPhase section */
		52D0DCC22A0C691F003BB3C2 /* Resources */ = {
			isa = PBXResourcesBuildPhase;
			buildActionMask = 2147483647;
			files = (
				52D0DD112A0D4AB4003BB3C2 /* hikeData.json in Resources */,
				52D0DCCF2A0C691F003BB3C2 /* Preview Assets.xcassets in Resources */,
				52D0DCCC2A0C691F003BB3C2 /* Assets.xcassets in Resources */,
				52D0DCDB2A0C743A003BB3C2 /* landmarkData.json in Resources */,
			);
			runOnlyForDeploymentPostprocessing = 0;
		};
/* End PBXResourcesBuildPhase section */

/* Begin PBXSourcesBuildPhase section */
		52D0DCC02A0C691F003BB3C2 /* Sources */ = {
			isa = PBXSourcesBuildPhase;
			buildActionMask = 2147483647;
			files = (
				52D0DD202A0D7ED7003BB3C2 /* CategoryRow.swift in Sources */,
				52D0DD242A0DC3FD003BB3C2 /* Profile.swift in Sources */,
				52D0DCCA2A0C691F003BB3C2 /* ContentView.swift in Sources */,
				52D0DD1E2A0D7BF0003BB3C2 /* CategoryHome.swift in Sources */,
				52D0DD1A2A0D4C52003BB3C2 /* HikeGraph.swift in Sources */,
				52D0DD0F2A0D45FC003BB3C2 /* Badge.swift in Sources */,
				52D0DCF72A0C77E2003BB3C2 /* ModelData.swift in Sources */,
				52D0DD192A0D4C52003BB3C2 /* GraphCapsule.swift in Sources */,
				52D0DCD82A0C6F75003BB3C2 /* MapView.swift in Sources */,
				52D0DCFC2A0C7BF6003BB3C2 /* LandmarkList.swift in Sources */,
				52D0DD222A0D817D003BB3C2 /* CategoryItem.swift in Sources */,
				52D0DD1B2A0D4C52003BB3C2 /* HikeDetail.swift in Sources */,
				52D0DD292A0DC5EC003BB3C2 /* ProfileSummary.swift in Sources */,
				52D0DD042A0D3883003BB3C2 /* HexagonParameters.swift in Sources */,
				52D0DD272A0DC504003BB3C2 /* ProfileHost.swift in Sources */,
				52D0DD132A0D4AF0003BB3C2 /* Hike.swift in Sources */,
				52D0DD0D2A0D44E4003BB3C2 /* RotatedBadgeSymbol.swift in Sources */,
				52D0DD0B2A0D4257003BB3C2 /* BadgeSymbol.swift in Sources */,
				52D0DD2D2A0EF943003BB3C2 /* ProfileEditor.swift in Sources */,
				52D0DCFE2A0C7E79003BB3C2 /* LandmarkDetail.swift in Sources */,
				52D0DD1C2A0D4C52003BB3C2 /* HikeView.swift in Sources */,
				52D0DCC82A0C691F003BB3C2 /* LandmarksApp.swift in Sources */,
				52D0DD312A0F0D3F003BB3C2 /* PageViewController.swift in Sources */,
				52D0DD082A0D3AAC003BB3C2 /* BadgeBackground.swift in Sources */,
				52D0DD2B2A0DC97A003BB3C2 /* HikeBadge.swift in Sources */,
				52D0DCD62A0C6E54003BB3C2 /* CircleImage.swift in Sources */,
				52D0DCFA2A0C7A24003BB3C2 /* LandmarkRow.swift in Sources */,
				52D0DCDD2A0C747D003BB3C2 /* Landmark.swift in Sources */,
				52D0DD002A0CAFB6003BB3C2 /* FavoritesButton.swift in Sources */,
			);
			runOnlyForDeploymentPostprocessing = 0;
		};
/* End PBXSourcesBuildPhase section */

/* Begin XCBuildConfiguration section */
		52D0DCD02A0C691F003BB3C2 /* Debug */ = {
			isa = XCBuildConfiguration;
			buildSettings = {
				ALWAYS_SEARCH_USER_PATHS = NO;
				CLANG_ANALYZER_NONNULL = YES;
				CLANG_ANALYZER_NUMBER_OBJECT_CONVERSION = YES_AGGRESSIVE;
				CLANG_CXX_LANGUAGE_STANDARD = "gnu++20";
				CLANG_ENABLE_MODULES = YES;
				CLANG_ENABLE_OBJC_ARC = YES;
				CLANG_ENABLE_OBJC_WEAK = YES;
				CLANG_WARN_BLOCK_CAPTURE_AUTORELEASING = YES;
				CLANG_WARN_BOOL_CONVERSION = YES;
				CLANG_WARN_COMMA = YES;
				CLANG_WARN_CONSTANT_CONVERSION = YES;
				CLANG_WARN_DEPRECATED_OBJC_IMPLEMENTATIONS = YES;
				CLANG_WARN_DIRECT_OBJC_ISA_USAGE = YES_ERROR;
				CLANG_WARN_DOCUMENTATION_COMMENTS = YES;
				CLANG_WARN_EMPTY_BODY = YES;
				CLANG_WARN_ENUM_CONVERSION = YES;
				CLANG_WARN_INFINITE_RECURSION = YES;
				CLANG_WARN_INT_CONVERSION = YES;
				CLANG_WARN_NON_LITERAL_NULL_CONVERSION = YES;
				CLANG_WARN_OBJC_IMPLICIT_RETAIN_SELF = YES;
				CLANG_WARN_OBJC_LITERAL_CONVERSION = YES;
				CLANG_WARN_OBJC_ROOT_CLASS = YES_ERROR;
				CLANG_WARN_QUOTED_INCLUDE_IN_FRAMEWORK_HEADER = YES;
				CLANG_WARN_RANGE_LOOP_ANALYSIS = YES;
				CLANG_WARN_STRICT_PROTOTYPES = YES;
				CLANG_WARN_SUSPICIOUS_MOVE = YES;
				CLANG_WARN_UNGUARDED_AVAILABILITY = YES_AGGRESSIVE;
				CLANG_WARN_UNREACHABLE_CODE = YES;
				CLANG_WARN__DUPLICATE_METHOD_MATCH = YES;
				COPY_PHASE_STRIP = NO;
				DEBUG_INFORMATION_FORMAT = dwarf;
				ENABLE_STRICT_OBJC_MSGSEND = YES;
				ENABLE_TESTABILITY = YES;
				GCC_C_LANGUAGE_STANDARD = gnu11;
				GCC_DYNAMIC_NO_PIC = NO;
				GCC_NO_COMMON_BLOCKS = YES;
				GCC_OPTIMIZATION_LEVEL = 0;
				GCC_PREPROCESSOR_DEFINITIONS = (
					"DEBUG=1",
					"$(inherited)",
				);
				GCC_WARN_64_TO_32_BIT_CONVERSION = YES;
				GCC_WARN_ABOUT_RETURN_TYPE = YES_ERROR;
				GCC_WARN_UNDECLARED_SELECTOR = YES;
				GCC_WARN_UNINITIALIZED_AUTOS = YES_AGGRESSIVE;
				GCC_WARN_UNUSED_FUNCTION = YES;
				GCC_WARN_UNUSED_VARIABLE = YES;
				IPHONEOS_DEPLOYMENT_TARGET = 16.4;
				MTL_ENABLE_DEBUG_INFO = INCLUDE_SOURCE;
				MTL_FAST_MATH = YES;
				ONLY_ACTIVE_ARCH = YES;
				SDKROOT = iphoneos;
				SWIFT_ACTIVE_COMPILATION_CONDITIONS = DEBUG;
				SWIFT_OPTIMIZATION_LEVEL = "-Onone";
			};
			name = Debug;
		};
		52D0DCD12A0C691F003BB3C2 /* Release */ = {
			isa = XCBuildConfiguration;
			buildSettings = {
				ALWAYS_SEARCH_USER_PATHS = NO;
				CLANG_ANALYZER_NONNULL = YES;
				CLANG_ANALYZER_NUMBER_OBJECT_CONVERSION = YES_AGGRESSIVE;
				CLANG_CXX_LANGUAGE_STANDARD = "gnu++20";
				CLANG_ENABLE_MODULES = YES;
				CLANG_ENABLE_OBJC_ARC = YES;
				CLANG_ENABLE_OBJC_WEAK = YES;
				CLANG_WARN_BLOCK_CAPTURE_AUTORELEASING = YES;
				CLANG_WARN_BOOL_CONVERSION = YES;
				CLANG_WARN_COMMA = YES;
				CLANG_WARN_CONSTANT_CONVERSION = YES;
				CLANG_WARN_DEPRECATED_OBJC_IMPLEMENTATIONS = YES;
				CLANG_WARN_DIRECT_OBJC_ISA_USAGE = YES_ERROR;
				CLANG_WARN_DOCUMENTATION_COMMENTS = YES;
				CLANG_WARN_EMPTY_BODY = YES;
				CLANG_WARN_ENUM_CONVERSION = YES;
				CLANG_WARN_INFINITE_RECURSION = YES;
				CLANG_WARN_INT_CONVERSION = YES;
				CLANG_WARN_NON_LITERAL_NULL_CONVERSION = YES;
				CLANG_WARN_OBJC_IMPLICIT_RETAIN_SELF = YES;
				CLANG_WARN_OBJC_LITERAL_CONVERSION = YES;
				CLANG_WARN_OBJC_ROOT_CLASS = YES_ERROR;
				CLANG_WARN_QUOTED_INCLUDE_IN_FRAMEWORK_HEADER = YES;
				CLANG_WARN_RANGE_LOOP_ANALYSIS = YES;
				CLANG_WARN_STRICT_PROTOTYPES = YES;
				CLANG_WARN_SUSPICIOUS_MOVE = YES;
				CLANG_WARN_UNGUARDED_AVAILABILITY = YES_AGGRESSIVE;
				CLANG_WARN_UNREACHABLE_CODE = YES;
				CLANG_WARN__DUPLICATE_METHOD_MATCH = YES;
				COPY_PHASE_STRIP = NO;
				DEBUG_INFORMATION_FORMAT = "dwarf-with-dsym";
				ENABLE_NS_ASSERTIONS = NO;
				ENABLE_STRICT_OBJC_MSGSEND = YES;
				GCC_C_LANGUAGE_STANDARD = gnu11;
				GCC_NO_COMMON_BLOCKS = YES;
				GCC_WARN_64_TO_32_BIT_CONVERSION = YES;
				GCC_WARN_ABOUT_RETURN_TYPE = YES_ERROR;
				GCC_WARN_UNDECLARED_SELECTOR = YES;
				GCC_WARN_UNINITIALIZED_AUTOS = YES_AGGRESSIVE;
				GCC_WARN_UNUSED_FUNCTION = YES;
				GCC_WARN_UNUSED_VARIABLE = YES;
				IPHONEOS_DEPLOYMENT_TARGET = 16.4;
				MTL_ENABLE_DEBUG_INFO = NO;
				MTL_FAST_MATH = YES;
				SDKROOT = iphoneos;
				SWIFT_COMPILATION_MODE = wholemodule;
				SWIFT_OPTIMIZATION_LEVEL = "-O";
				VALIDATE_PRODUCT = YES;
			};
			name = Release;
		};
		52D0DCD32A0C691F003BB3C2 /* Debug */ = {
			isa = XCBuildConfiguration;
			buildSettings = {
				ASSETCATALOG_COMPILER_APPICON_NAME = AppIcon;
				ASSETCATALOG_COMPILER_GLOBAL_ACCENT_COLOR_NAME = AccentColor;
				CODE_SIGN_STYLE = Automatic;
				CURRENT_PROJECT_VERSION = 1;
				DEVELOPMENT_ASSET_PATHS = "\"Landmarks/Preview Content\"";
				DEVELOPMENT_TEAM = NNZPLDC3Z6;
				ENABLE_PREVIEWS = YES;
				GENERATE_INFOPLIST_FILE = YES;
				INFOPLIST_KEY_UIApplicationSceneManifest_Generation = YES;
				INFOPLIST_KEY_UIApplicationSupportsIndirectInputEvents = YES;
				INFOPLIST_KEY_UILaunchScreen_Generation = YES;
				INFOPLIST_KEY_UISupportedInterfaceOrientations_iPad = "UIInterfaceOrientationPortrait UIInterfaceOrientationPortraitUpsideDown UIInterfaceOrientationLandscapeLeft UIInterfaceOrientationLandscapeRight";
				INFOPLIST_KEY_UISupportedInterfaceOrientations_iPhone = "UIInterfaceOrientationPortrait UIInterfaceOrientationLandscapeLeft UIInterfaceOrientationLandscapeRight";
				LD_RUNPATH_SEARCH_PATHS = (
					"$(inherited)",
					"@executable_path/Frameworks",
				);
				MARKETING_VERSION = 1.0;
				PRODUCT_BUNDLE_IDENTIFIER = edu.csumb.levillalobos.Landmarks;
				PRODUCT_NAME = "$(TARGET_NAME)";
				SWIFT_EMIT_LOC_STRINGS = YES;
				SWIFT_VERSION = 5.0;
				TARGETED_DEVICE_FAMILY = "1,2";
			};
			name = Debug;
		};
		52D0DCD42A0C691F003BB3C2 /* Release */ = {
			isa = XCBuildConfiguration;
			buildSettings = {
				ASSETCATALOG_COMPILER_APPICON_NAME = AppIcon;
				ASSETCATALOG_COMPILER_GLOBAL_ACCENT_COLOR_NAME = AccentColor;
				CODE_SIGN_STYLE = Automatic;
				CURRENT_PROJECT_VERSION = 1;
				DEVELOPMENT_ASSET_PATHS = "\"Landmarks/Preview Content\"";
				DEVELOPMENT_TEAM = NNZPLDC3Z6;
				ENABLE_PREVIEWS = YES;
				GENERATE_INFOPLIST_FILE = YES;
				INFOPLIST_KEY_UIApplicationSceneManifest_Generation = YES;
				INFOPLIST_KEY_UIApplicationSupportsIndirectInputEvents = YES;
				INFOPLIST_KEY_UILaunchScreen_Generation = YES;
				INFOPLIST_KEY_UISupportedInterfaceOrientations_iPad = "UIInterfaceOrientationPortrait UIInterfaceOrientationPortraitUpsideDown UIInterfaceOrientationLandscapeLeft UIInterfaceOrientationLandscapeRight";
				INFOPLIST_KEY_UISupportedInterfaceOrientations_iPhone = "UIInterfaceOrientationPortrait UIInterfaceOrientationLandscapeLeft UIInterfaceOrientationLandscapeRight";
				LD_RUNPATH_SEARCH_PATHS = (
					"$(inherited)",
					"@executable_path/Frameworks",
				);
				MARKETING_VERSION = 1.0;
				PRODUCT_BUNDLE_IDENTIFIER = edu.csumb.levillalobos.Landmarks;
				PRODUCT_NAME = "$(TARGET_NAME)";
				SWIFT_EMIT_LOC_STRINGS = YES;
				SWIFT_VERSION = 5.0;
				TARGETED_DEVICE_FAMILY = "1,2";
			};
			name = Release;
		};
/* End XCBuildConfiguration section */

/* Begin XCConfigurationList section */
		52D0DCBF2A0C691F003BB3C2 /* Build configuration list for PBXProject "Landmarks" */ = {
			isa = XCConfigurationList;
			buildConfigurations = (
				52D0DCD02A0C691F003BB3C2 /* Debug */,
				52D0DCD12A0C691F003BB3C2 /* Release */,
			);
			defaultConfigurationIsVisible = 0;
			defaultConfigurationName = Release;
		};
		52D0DCD22A0C691F003BB3C2 /* Build configuration list for PBXNativeTarget "Landmarks" */ = {
			isa = XCConfigurationList;
			buildConfigurations = (
				52D0DCD32A0C691F003BB3C2 /* Debug */,
				52D0DCD42A0C691F003BB3C2 /* Release */,
			);
			defaultConfigurationIsVisible = 0;
			defaultConfigurationName = Release;
		};
/* End XCConfigurationList section */
	};
	rootObject = 52D0DCBC2A0C691F003BB3C2 /* Project object */;
}
